
Microsoft Visual Studio Solution File, Format Version 12.00
# Visual Studio Version 17
VisualStudioVersion = 17.8.34309.116
MinimumVisualStudioVersion = 10.0.40219.1
Project("{FAE04EC0-301F-11D3-BF4B-00C04F79EFBC}") = "MongoDb", "MongoDb\MongoDb.csproj", "{8883C67B-B53E-4F68-99A8-00825D308D96}"
EndProject
Global
	GlobalSection(SolutionConfigurationPlatforms) = preSolution
		Debug|Any CPU = Debug|Any CPU
		Release|Any CPU = Release|Any CPU
	EndGlobalSection
	GlobalSection(ProjectConfigurationPlatforms) = postSolution
		{8883C67B-B53E-4F68-99A8-00825D308D96}.Debug|Any CPU.ActiveCfg = Debug|Any CPU
		{8883C67B-B53E-4F68-99A8-00825D308D96}.Debug|Any CPU.Build.0 = Debug|Any CPU
		{8883C67B-B53E-4F68-99A8-00825D308D96}.Release|Any CPU.ActiveCfg = Release|Any CPU
		{8883C67B-B53E-4F68-99A8-00825D308D96}.Release|Any CPU.Build.0 = Release|Any CPU
	EndGlobalSection
	GlobalSection(SolutionProperties) = preSolution
		HideSolutionNode = FALSE
	EndGlobalSection
	GlobalSection(ExtensibilityGlobals) = postSolution
		SolutionGuid = {E8EFD36D-C96A-463B-87FE-89F69F00002A}
	EndGlobalSection
EndGlobal
